// !$*UTF8*$!
{
	archiveVersion = 1;
	classes = {
	};
	objectVersion = 51;
	objects = {

/* Begin PBXBuildFile section */
		3A9C07872C09E9AD8EAF15C0 /* Pods_Skatebud_SkatebudUITests.framework in Frameworks */ = {isa = PBXBuildFile; fileRef = 46EBF4557A5C48578D239888 /* Pods_Skatebud_SkatebudUITests.framework */; };
		403A281925A6754E00D44DEC /* TrickViewCell.swift in Sources */ = {isa = PBXBuildFile; fileRef = 403A281825A6754E00D44DEC /* TrickViewCell.swift */; };
		405B99A525A7915D00C2A226 /* CustomHeaderView.xib in Resources */ = {isa = PBXBuildFile; fileRef = 405B99A425A7915D00C2A226 /* CustomHeaderView.xib */; };
		405B99AA25A7928E00C2A226 /* CustomHeaderView.swift in Sources */ = {isa = PBXBuildFile; fileRef = 405B99A925A7928E00C2A226 /* CustomHeaderView.swift */; };
		405B99AF25A7C6F200C2A226 /* TrickStatsViewCell.swift in Sources */ = {isa = PBXBuildFile; fileRef = 405B99AE25A7C6F200C2A226 /* TrickStatsViewCell.swift */; };
		405B99B525A8B8DD00C2A226 /* Trick.swift in Sources */ = {isa = PBXBuildFile; fileRef = 405B99B425A8B8DD00C2A226 /* Trick.swift */; };
		405B99C025AA5E3500C2A226 /* TrickStatsViewController.swift in Sources */ = {isa = PBXBuildFile; fileRef = 405B99BF25AA5E3400C2A226 /* TrickStatsViewController.swift */; };
		405B99CB25AD54E400C2A226 /* ProfileViewController.swift in Sources */ = {isa = PBXBuildFile; fileRef = 405B99CA25AD54E400C2A226 /* ProfileViewController.swift */; };
		405B99D025AE78D900C2A226 /* EditProfileViewController.swift in Sources */ = {isa = PBXBuildFile; fileRef = 405B99CF25AE78D800C2A226 /* EditProfileViewController.swift */; };
		407CCB5025A4E59F004A2A9D /* SignUpViewController.swift in Sources */ = {isa = PBXBuildFile; fileRef = 407CCB4F25A4E59F004A2A9D /* SignUpViewController.swift */; };
		407CCC3425A56FE7004A2A9D /* GoogleService-Info.plist in Resources */ = {isa = PBXBuildFile; fileRef = 407CCC3325A56FE7004A2A9D /* GoogleService-Info.plist */; };
		407CCC3C25A63353004A2A9D /* MainTabViewController.swift in Sources */ = {isa = PBXBuildFile; fileRef = 407CCC3B25A63353004A2A9D /* MainTabViewController.swift */; };
		4C660B3B7A916F46D8B2D9A5 /* Pods_Skatebud.framework in Frameworks */ = {isa = PBXBuildFile; fileRef = DF7C01FEA97B8D67B27A3155 /* Pods_Skatebud.framework */; };
		4EA998C19A5AF772E4987643 /* Pods_SkatebudTests.framework in Frameworks */ = {isa = PBXBuildFile; fileRef = 79E605780617AB20C94B47B0 /* Pods_SkatebudTests.framework */; };
		7A92C28A25A9224D0091BF02 /* Helper.swift in Sources */ = {isa = PBXBuildFile; fileRef = 7A92C28925A9224D0091BF02 /* Helper.swift */; };
		7AB99D8625A3F87C0095DC38 /* AppDelegate.swift in Sources */ = {isa = PBXBuildFile; fileRef = 7AB99D8525A3F87C0095DC38 /* AppDelegate.swift */; };
		7AB99D8825A3F87C0095DC38 /* SceneDelegate.swift in Sources */ = {isa = PBXBuildFile; fileRef = 7AB99D8725A3F87C0095DC38 /* SceneDelegate.swift */; };
		7AB99D8A25A3F87C0095DC38 /* ViewController.swift in Sources */ = {isa = PBXBuildFile; fileRef = 7AB99D8925A3F87C0095DC38 /* ViewController.swift */; };
		7AB99D8D25A3F87C0095DC38 /* Main.storyboard in Resources */ = {isa = PBXBuildFile; fileRef = 7AB99D8B25A3F87C0095DC38 /* Main.storyboard */; };
		7AB99D9025A3F87C0095DC38 /* Skatebud.xcdatamodeld in Sources */ = {isa = PBXBuildFile; fileRef = 7AB99D8E25A3F87C0095DC38 /* Skatebud.xcdatamodeld */; };
		7AB99D9225A3F87D0095DC38 /* Assets.xcassets in Resources */ = {isa = PBXBuildFile; fileRef = 7AB99D9125A3F87D0095DC38 /* Assets.xcassets */; };
		7AB99D9525A3F87D0095DC38 /* LaunchScreen.storyboard in Resources */ = {isa = PBXBuildFile; fileRef = 7AB99D9325A3F87D0095DC38 /* LaunchScreen.storyboard */; };
		7AB99DA025A3F87D0095DC38 /* SkatebudTests.swift in Sources */ = {isa = PBXBuildFile; fileRef = 7AB99D9F25A3F87D0095DC38 /* SkatebudTests.swift */; };
		7AB99DAB25A3F87D0095DC38 /* SkatebudUITests.swift in Sources */ = {isa = PBXBuildFile; fileRef = 7AB99DAA25A3F87D0095DC38 /* SkatebudUITests.swift */; };
		7AB99DBC25A3F9E80095DC38 /* Fonts in Resources */ = {isa = PBXBuildFile; fileRef = 7AB99DBB25A3F9E80095DC38 /* Fonts */; };
		7AB99DC525A536EB0095DC38 /* TricksController.swift in Sources */ = {isa = PBXBuildFile; fileRef = 7AB99DC425A536EB0095DC38 /* TricksController.swift */; };
		7AB99DCA25A537630095DC38 /* WeatherController.swift in Sources */ = {isa = PBXBuildFile; fileRef = 7AB99DC925A537630095DC38 /* WeatherController.swift */; };
		7AB99DCF25A538190095DC38 /* TricksDetailController.swift in Sources */ = {isa = PBXBuildFile; fileRef = 7AB99DCE25A538190095DC38 /* TricksDetailController.swift */; };
		7AB99DD425A538570095DC38 /* StatsController.swift in Sources */ = {isa = PBXBuildFile; fileRef = 7AB99DD325A538570095DC38 /* StatsController.swift */; };
/* End PBXBuildFile section */

/* Begin PBXContainerItemProxy section */
		7AB99D9C25A3F87D0095DC38 /* PBXContainerItemProxy */ = {
			isa = PBXContainerItemProxy;
			containerPortal = 7AB99D7A25A3F87C0095DC38 /* Project object */;
			proxyType = 1;
			remoteGlobalIDString = 7AB99D8125A3F87C0095DC38;
			remoteInfo = Skatebud;
		};
		7AB99DA725A3F87D0095DC38 /* PBXContainerItemProxy */ = {
			isa = PBXContainerItemProxy;
			containerPortal = 7AB99D7A25A3F87C0095DC38 /* Project object */;
			proxyType = 1;
			remoteGlobalIDString = 7AB99D8125A3F87C0095DC38;
			remoteInfo = Skatebud;
		};
/* End PBXContainerItemProxy section */

/* Begin PBXFileReference section */
		403A281825A6754E00D44DEC /* TrickViewCell.swift */ = {isa = PBXFileReference; lastKnownFileType = sourcecode.swift; path = TrickViewCell.swift; sourceTree = "<group>"; };
		405B99A425A7915D00C2A226 /* CustomHeaderView.xib */ = {isa = PBXFileReference; lastKnownFileType = file.xib; path = CustomHeaderView.xib; sourceTree = "<group>"; };
		405B99A925A7928E00C2A226 /* CustomHeaderView.swift */ = {isa = PBXFileReference; lastKnownFileType = sourcecode.swift; path = CustomHeaderView.swift; sourceTree = "<group>"; };
		405B99AE25A7C6F200C2A226 /* TrickStatsViewCell.swift */ = {isa = PBXFileReference; lastKnownFileType = sourcecode.swift; path = TrickStatsViewCell.swift; sourceTree = "<group>"; };
		405B99B425A8B8DD00C2A226 /* Trick.swift */ = {isa = PBXFileReference; lastKnownFileType = sourcecode.swift; path = Trick.swift; sourceTree = "<group>"; };
		405B99BF25AA5E3400C2A226 /* TrickStatsViewController.swift */ = {isa = PBXFileReference; lastKnownFileType = sourcecode.swift; path = TrickStatsViewController.swift; sourceTree = "<group>"; };
		405B99CA25AD54E400C2A226 /* ProfileViewController.swift */ = {isa = PBXFileReference; lastKnownFileType = sourcecode.swift; path = ProfileViewController.swift; sourceTree = "<group>"; };
		405B99CF25AE78D800C2A226 /* EditProfileViewController.swift */ = {isa = PBXFileReference; lastKnownFileType = sourcecode.swift; path = EditProfileViewController.swift; sourceTree = "<group>"; };
		407CCB4F25A4E59F004A2A9D /* SignUpViewController.swift */ = {isa = PBXFileReference; lastKnownFileType = sourcecode.swift; path = SignUpViewController.swift; sourceTree = "<group>"; };
		407CCC3325A56FE7004A2A9D /* GoogleService-Info.plist */ = {isa = PBXFileReference; fileEncoding = 4; lastKnownFileType = text.plist.xml; path = "GoogleService-Info.plist"; sourceTree = "<group>"; };
		407CCC3B25A63353004A2A9D /* MainTabViewController.swift */ = {isa = PBXFileReference; lastKnownFileType = sourcecode.swift; path = MainTabViewController.swift; sourceTree = "<group>"; };
		46EBF4557A5C48578D239888 /* Pods_Skatebud_SkatebudUITests.framework */ = {isa = PBXFileReference; explicitFileType = wrapper.framework; includeInIndex = 0; path = Pods_Skatebud_SkatebudUITests.framework; sourceTree = BUILT_PRODUCTS_DIR; };
		79E605780617AB20C94B47B0 /* Pods_SkatebudTests.framework */ = {isa = PBXFileReference; explicitFileType = wrapper.framework; includeInIndex = 0; path = Pods_SkatebudTests.framework; sourceTree = BUILT_PRODUCTS_DIR; };
		7A92C28925A9224D0091BF02 /* Helper.swift */ = {isa = PBXFileReference; lastKnownFileType = sourcecode.swift; path = Helper.swift; sourceTree = "<group>"; };
		7AB99D8225A3F87C0095DC38 /* Skatebud.app */ = {isa = PBXFileReference; explicitFileType = wrapper.application; includeInIndex = 0; path = Skatebud.app; sourceTree = BUILT_PRODUCTS_DIR; };
		7AB99D8525A3F87C0095DC38 /* AppDelegate.swift */ = {isa = PBXFileReference; lastKnownFileType = sourcecode.swift; path = AppDelegate.swift; sourceTree = "<group>"; };
		7AB99D8725A3F87C0095DC38 /* SceneDelegate.swift */ = {isa = PBXFileReference; lastKnownFileType = sourcecode.swift; path = SceneDelegate.swift; sourceTree = "<group>"; };
		7AB99D8925A3F87C0095DC38 /* ViewController.swift */ = {isa = PBXFileReference; lastKnownFileType = sourcecode.swift; path = ViewController.swift; sourceTree = "<group>"; };
		7AB99D8C25A3F87C0095DC38 /* Base */ = {isa = PBXFileReference; lastKnownFileType = file.storyboard; name = Base; path = Base.lproj/Main.storyboard; sourceTree = "<group>"; };
		7AB99D8F25A3F87C0095DC38 /* Skatebud.xcdatamodel */ = {isa = PBXFileReference; lastKnownFileType = wrapper.xcdatamodel; path = Skatebud.xcdatamodel; sourceTree = "<group>"; };
		7AB99D9125A3F87D0095DC38 /* Assets.xcassets */ = {isa = PBXFileReference; lastKnownFileType = folder.assetcatalog; path = Assets.xcassets; sourceTree = "<group>"; };
		7AB99D9425A3F87D0095DC38 /* Base */ = {isa = PBXFileReference; lastKnownFileType = file.storyboard; name = Base; path = Base.lproj/LaunchScreen.storyboard; sourceTree = "<group>"; };
		7AB99D9625A3F87D0095DC38 /* Info.plist */ = {isa = PBXFileReference; lastKnownFileType = text.plist.xml; path = Info.plist; sourceTree = "<group>"; };
		7AB99D9B25A3F87D0095DC38 /* SkatebudTests.xctest */ = {isa = PBXFileReference; explicitFileType = wrapper.cfbundle; includeInIndex = 0; path = SkatebudTests.xctest; sourceTree = BUILT_PRODUCTS_DIR; };
		7AB99D9F25A3F87D0095DC38 /* SkatebudTests.swift */ = {isa = PBXFileReference; lastKnownFileType = sourcecode.swift; path = SkatebudTests.swift; sourceTree = "<group>"; };
		7AB99DA125A3F87D0095DC38 /* Info.plist */ = {isa = PBXFileReference; lastKnownFileType = text.plist.xml; path = Info.plist; sourceTree = "<group>"; };
		7AB99DA625A3F87D0095DC38 /* SkatebudUITests.xctest */ = {isa = PBXFileReference; explicitFileType = wrapper.cfbundle; includeInIndex = 0; path = SkatebudUITests.xctest; sourceTree = BUILT_PRODUCTS_DIR; };
		7AB99DAA25A3F87D0095DC38 /* SkatebudUITests.swift */ = {isa = PBXFileReference; lastKnownFileType = sourcecode.swift; path = SkatebudUITests.swift; sourceTree = "<group>"; };
		7AB99DAC25A3F87D0095DC38 /* Info.plist */ = {isa = PBXFileReference; lastKnownFileType = text.plist.xml; path = Info.plist; sourceTree = "<group>"; };
		7AB99DBB25A3F9E80095DC38 /* Fonts */ = {isa = PBXFileReference; lastKnownFileType = folder; path = Fonts; sourceTree = "<group>"; };
		7AB99DC425A536EB0095DC38 /* TricksController.swift */ = {isa = PBXFileReference; lastKnownFileType = sourcecode.swift; path = TricksController.swift; sourceTree = "<group>"; };
		7AB99DC925A537630095DC38 /* WeatherController.swift */ = {isa = PBXFileReference; lastKnownFileType = sourcecode.swift; path = WeatherController.swift; sourceTree = "<group>"; };
		7AB99DCE25A538190095DC38 /* TricksDetailController.swift */ = {isa = PBXFileReference; lastKnownFileType = sourcecode.swift; path = TricksDetailController.swift; sourceTree = "<group>"; };
		7AB99DD325A538570095DC38 /* StatsController.swift */ = {isa = PBXFileReference; lastKnownFileType = sourcecode.swift; path = StatsController.swift; sourceTree = "<group>"; };
		8AFE60CE46A4B2BA48202294 /* Pods-Skatebud.debug.xcconfig */ = {isa = PBXFileReference; includeInIndex = 1; lastKnownFileType = text.xcconfig; name = "Pods-Skatebud.debug.xcconfig"; path = "Target Support Files/Pods-Skatebud/Pods-Skatebud.debug.xcconfig"; sourceTree = "<group>"; };
		CA794FCBACEEE4FA92282488 /* Pods-SkatebudTests.release.xcconfig */ = {isa = PBXFileReference; includeInIndex = 1; lastKnownFileType = text.xcconfig; name = "Pods-SkatebudTests.release.xcconfig"; path = "Target Support Files/Pods-SkatebudTests/Pods-SkatebudTests.release.xcconfig"; sourceTree = "<group>"; };
		CBEF81164F041D366C98F223 /* Pods-SkatebudTests.debug.xcconfig */ = {isa = PBXFileReference; includeInIndex = 1; lastKnownFileType = text.xcconfig; name = "Pods-SkatebudTests.debug.xcconfig"; path = "Target Support Files/Pods-SkatebudTests/Pods-SkatebudTests.debug.xcconfig"; sourceTree = "<group>"; };
		D1522662CA8DD9BC7D9CB863 /* Pods-Skatebud.release.xcconfig */ = {isa = PBXFileReference; includeInIndex = 1; lastKnownFileType = text.xcconfig; name = "Pods-Skatebud.release.xcconfig"; path = "Target Support Files/Pods-Skatebud/Pods-Skatebud.release.xcconfig"; sourceTree = "<group>"; };
		DC830E04BA95DC2DC245862D /* Pods-Skatebud-SkatebudUITests.release.xcconfig */ = {isa = PBXFileReference; includeInIndex = 1; lastKnownFileType = text.xcconfig; name = "Pods-Skatebud-SkatebudUITests.release.xcconfig"; path = "Target Support Files/Pods-Skatebud-SkatebudUITests/Pods-Skatebud-SkatebudUITests.release.xcconfig"; sourceTree = "<group>"; };
		DF7C01FEA97B8D67B27A3155 /* Pods_Skatebud.framework */ = {isa = PBXFileReference; explicitFileType = wrapper.framework; includeInIndex = 0; path = Pods_Skatebud.framework; sourceTree = BUILT_PRODUCTS_DIR; };
		FC002AFB3F16AA136B8CEA6A /* Pods-Skatebud-SkatebudUITests.debug.xcconfig */ = {isa = PBXFileReference; includeInIndex = 1; lastKnownFileType = text.xcconfig; name = "Pods-Skatebud-SkatebudUITests.debug.xcconfig"; path = "Target Support Files/Pods-Skatebud-SkatebudUITests/Pods-Skatebud-SkatebudUITests.debug.xcconfig"; sourceTree = "<group>"; };
/* End PBXFileReference section */

/* Begin PBXFrameworksBuildPhase section */
		7AB99D7F25A3F87C0095DC38 /* Frameworks */ = {
			isa = PBXFrameworksBuildPhase;
			buildActionMask = 2147483647;
			files = (
				4C660B3B7A916F46D8B2D9A5 /* Pods_Skatebud.framework in Frameworks */,
			);
			runOnlyForDeploymentPostprocessing = 0;
		};
		7AB99D9825A3F87D0095DC38 /* Frameworks */ = {
			isa = PBXFrameworksBuildPhase;
			buildActionMask = 2147483647;
			files = (
				4EA998C19A5AF772E4987643 /* Pods_SkatebudTests.framework in Frameworks */,
			);
			runOnlyForDeploymentPostprocessing = 0;
		};
		7AB99DA325A3F87D0095DC38 /* Frameworks */ = {
			isa = PBXFrameworksBuildPhase;
			buildActionMask = 2147483647;
			files = (
				3A9C07872C09E9AD8EAF15C0 /* Pods_Skatebud_SkatebudUITests.framework in Frameworks */,
			);
			runOnlyForDeploymentPostprocessing = 0;
		};
/* End PBXFrameworksBuildPhase section */

/* Begin PBXGroup section */
		2D51D6BBC0562C861265B576 /* Frameworks */ = {
			isa = PBXGroup;
			children = (
				DF7C01FEA97B8D67B27A3155 /* Pods_Skatebud.framework */,
				46EBF4557A5C48578D239888 /* Pods_Skatebud_SkatebudUITests.framework */,
				79E605780617AB20C94B47B0 /* Pods_SkatebudTests.framework */,
			);
			name = Frameworks;
			sourceTree = "<group>";
		};
		405B99B325A8B8BB00C2A226 /* Model */ = {
			isa = PBXGroup;
			children = (
				405B99B425A8B8DD00C2A226 /* Trick.swift */,
			);
			path = Model;
			sourceTree = "<group>";
		};
		7AB99D7925A3F87C0095DC38 = {
			isa = PBXGroup;
			children = (
				7AB99D8425A3F87C0095DC38 /* Skatebud */,
				7AB99D9E25A3F87D0095DC38 /* SkatebudTests */,
				7AB99DA925A3F87D0095DC38 /* SkatebudUITests */,
				7AB99D8325A3F87C0095DC38 /* Products */,
				B29B465782794A9CE53A431B /* Pods */,
				2D51D6BBC0562C861265B576 /* Frameworks */,
			);
			sourceTree = "<group>";
		};
		7AB99D8325A3F87C0095DC38 /* Products */ = {
			isa = PBXGroup;
			children = (
				7AB99D8225A3F87C0095DC38 /* Skatebud.app */,
				7AB99D9B25A3F87D0095DC38 /* SkatebudTests.xctest */,
				7AB99DA625A3F87D0095DC38 /* SkatebudUITests.xctest */,
			);
			name = Products;
			sourceTree = "<group>";
		};
		7AB99D8425A3F87C0095DC38 /* Skatebud */ = {
			isa = PBXGroup;
			children = (
				405B99B325A8B8BB00C2A226 /* Model */,
				7AB99DC325A5369D0095DC38 /* ViewControllers */,
				7AB99D8525A3F87C0095DC38 /* AppDelegate.swift */,
				7AB99D8725A3F87C0095DC38 /* SceneDelegate.swift */,
				7A92C28925A9224D0091BF02 /* Helper.swift */,
				7AB99D8B25A3F87C0095DC38 /* Main.storyboard */,
				7AB99D9125A3F87D0095DC38 /* Assets.xcassets */,
				7AB99D9325A3F87D0095DC38 /* LaunchScreen.storyboard */,
				7AB99D9625A3F87D0095DC38 /* Info.plist */,
				407CCC3325A56FE7004A2A9D /* GoogleService-Info.plist */,
				7AB99D8E25A3F87C0095DC38 /* Skatebud.xcdatamodeld */,
				7AB99DBB25A3F9E80095DC38 /* Fonts */,
			);
			path = Skatebud;
			sourceTree = "<group>";
		};
		7AB99D9E25A3F87D0095DC38 /* SkatebudTests */ = {
			isa = PBXGroup;
			children = (
				7AB99D9F25A3F87D0095DC38 /* SkatebudTests.swift */,
				7AB99DA125A3F87D0095DC38 /* Info.plist */,
			);
			path = SkatebudTests;
			sourceTree = "<group>";
		};
		7AB99DA925A3F87D0095DC38 /* SkatebudUITests */ = {
			isa = PBXGroup;
			children = (
				7AB99DAA25A3F87D0095DC38 /* SkatebudUITests.swift */,
				7AB99DAC25A3F87D0095DC38 /* Info.plist */,
			);
			path = SkatebudUITests;
			sourceTree = "<group>";
		};
		7AB99DC325A5369D0095DC38 /* ViewControllers */ = {
			isa = PBXGroup;
			children = (
				407CCB4F25A4E59F004A2A9D /* SignUpViewController.swift */,
				7AB99DD325A538570095DC38 /* StatsController.swift */,
				7AB99D8925A3F87C0095DC38 /* ViewController.swift */,
				7AB99DC425A536EB0095DC38 /* TricksController.swift */,
				7AB99DCE25A538190095DC38 /* TricksDetailController.swift */,
				7AB99DC925A537630095DC38 /* WeatherController.swift */,
				407CCC3B25A63353004A2A9D /* MainTabViewController.swift */,
				403A281825A6754E00D44DEC /* TrickViewCell.swift */,
				405B99A425A7915D00C2A226 /* CustomHeaderView.xib */,
				405B99A925A7928E00C2A226 /* CustomHeaderView.swift */,
				405B99AE25A7C6F200C2A226 /* TrickStatsViewCell.swift */,
				405B99BF25AA5E3400C2A226 /* TrickStatsViewController.swift */,
				405B99CA25AD54E400C2A226 /* ProfileViewController.swift */,
				405B99CF25AE78D800C2A226 /* EditProfileViewController.swift */,
			);
			path = ViewControllers;
			sourceTree = "<group>";
		};
		B29B465782794A9CE53A431B /* Pods */ = {
			isa = PBXGroup;
			children = (
				8AFE60CE46A4B2BA48202294 /* Pods-Skatebud.debug.xcconfig */,
				D1522662CA8DD9BC7D9CB863 /* Pods-Skatebud.release.xcconfig */,
				FC002AFB3F16AA136B8CEA6A /* Pods-Skatebud-SkatebudUITests.debug.xcconfig */,
				DC830E04BA95DC2DC245862D /* Pods-Skatebud-SkatebudUITests.release.xcconfig */,
				CBEF81164F041D366C98F223 /* Pods-SkatebudTests.debug.xcconfig */,
				CA794FCBACEEE4FA92282488 /* Pods-SkatebudTests.release.xcconfig */,
			);
			path = Pods;
			sourceTree = "<group>";
		};
/* End PBXGroup section */

/* Begin PBXNativeTarget section */
		7AB99D8125A3F87C0095DC38 /* Skatebud */ = {
			isa = PBXNativeTarget;
			buildConfigurationList = 7AB99DAF25A3F87D0095DC38 /* Build configuration list for PBXNativeTarget "Skatebud" */;
			buildPhases = (
				E7B52A81B15BEA002CF4B6F9 /* [CP] Check Pods Manifest.lock */,
				7AB99D7E25A3F87C0095DC38 /* Sources */,
				7AB99D7F25A3F87C0095DC38 /* Frameworks */,
				7AB99D8025A3F87C0095DC38 /* Resources */,
				9B0B378D23C7BFDC2A21B93B /* [CP] Embed Pods Frameworks */,
			);
			buildRules = (
			);
			dependencies = (
			);
			name = Skatebud;
			productName = Skatebud;
			productReference = 7AB99D8225A3F87C0095DC38 /* Skatebud.app */;
			productType = "com.apple.product-type.application";
		};
		7AB99D9A25A3F87D0095DC38 /* SkatebudTests */ = {
			isa = PBXNativeTarget;
			buildConfigurationList = 7AB99DB225A3F87D0095DC38 /* Build configuration list for PBXNativeTarget "SkatebudTests" */;
			buildPhases = (
				916B55F27BFE04C51014A2F1 /* [CP] Check Pods Manifest.lock */,
				7AB99D9725A3F87D0095DC38 /* Sources */,
				7AB99D9825A3F87D0095DC38 /* Frameworks */,
				7AB99D9925A3F87D0095DC38 /* Resources */,
			);
			buildRules = (
			);
			dependencies = (
				7AB99D9D25A3F87D0095DC38 /* PBXTargetDependency */,
			);
			name = SkatebudTests;
			productName = SkatebudTests;
			productReference = 7AB99D9B25A3F87D0095DC38 /* SkatebudTests.xctest */;
			productType = "com.apple.product-type.bundle.unit-test";
		};
		7AB99DA525A3F87D0095DC38 /* SkatebudUITests */ = {
			isa = PBXNativeTarget;
			buildConfigurationList = 7AB99DB525A3F87D0095DC38 /* Build configuration list for PBXNativeTarget "SkatebudUITests" */;
			buildPhases = (
				C964EE6FEAD55E18F6E7C199 /* [CP] Check Pods Manifest.lock */,
				7AB99DA225A3F87D0095DC38 /* Sources */,
				7AB99DA325A3F87D0095DC38 /* Frameworks */,
				7AB99DA425A3F87D0095DC38 /* Resources */,
				0497CA7190D9F348214E4A65 /* [CP] Embed Pods Frameworks */,
			);
			buildRules = (
			);
			dependencies = (
				7AB99DA825A3F87D0095DC38 /* PBXTargetDependency */,
			);
			name = SkatebudUITests;
			productName = SkatebudUITests;
			productReference = 7AB99DA625A3F87D0095DC38 /* SkatebudUITests.xctest */;
			productType = "com.apple.product-type.bundle.ui-testing";
		};
/* End PBXNativeTarget section */

/* Begin PBXProject section */
		7AB99D7A25A3F87C0095DC38 /* Project object */ = {
			isa = PBXProject;
			attributes = {
				LastSwiftUpdateCheck = 1230;
				LastUpgradeCheck = 1230;
				TargetAttributes = {
					7AB99D8125A3F87C0095DC38 = {
						CreatedOnToolsVersion = 12.3;
					};
					7AB99D9A25A3F87D0095DC38 = {
						CreatedOnToolsVersion = 12.3;
						TestTargetID = 7AB99D8125A3F87C0095DC38;
					};
					7AB99DA525A3F87D0095DC38 = {
						CreatedOnToolsVersion = 12.3;
						TestTargetID = 7AB99D8125A3F87C0095DC38;
					};
				};
			};
			buildConfigurationList = 7AB99D7D25A3F87C0095DC38 /* Build configuration list for PBXProject "Skatebud" */;
			compatibilityVersion = "Xcode 9.3";
			developmentRegion = en;
			hasScannedForEncodings = 0;
			knownRegions = (
				en,
				Base,
			);
			mainGroup = 7AB99D7925A3F87C0095DC38;
			productRefGroup = 7AB99D8325A3F87C0095DC38 /* Products */;
			projectDirPath = "";
			projectRoot = "";
			targets = (
				7AB99D8125A3F87C0095DC38 /* Skatebud */,
				7AB99D9A25A3F87D0095DC38 /* SkatebudTests */,
				7AB99DA525A3F87D0095DC38 /* SkatebudUITests */,
			);
		};
/* End PBXProject section */

/* Begin PBXResourcesBuildPhase section */
		7AB99D8025A3F87C0095DC38 /* Resources */ = {
			isa = PBXResourcesBuildPhase;
			buildActionMask = 2147483647;
			files = (
				7AB99D9525A3F87D0095DC38 /* LaunchScreen.storyboard in Resources */,
				7AB99D9225A3F87D0095DC38 /* Assets.xcassets in Resources */,
				407CCC3425A56FE7004A2A9D /* GoogleService-Info.plist in Resources */,
				7AB99D8D25A3F87C0095DC38 /* Main.storyboard in Resources */,
				405B99A525A7915D00C2A226 /* CustomHeaderView.xib in Resources */,
				7AB99DBC25A3F9E80095DC38 /* Fonts in Resources */,
			);
			runOnlyForDeploymentPostprocessing = 0;
		};
		7AB99D9925A3F87D0095DC38 /* Resources */ = {
			isa = PBXResourcesBuildPhase;
			buildActionMask = 2147483647;
			files = (
			);
			runOnlyForDeploymentPostprocessing = 0;
		};
		7AB99DA425A3F87D0095DC38 /* Resources */ = {
			isa = PBXResourcesBuildPhase;
			buildActionMask = 2147483647;
			files = (
			);
			runOnlyForDeploymentPostprocessing = 0;
		};
/* End PBXResourcesBuildPhase section */

/* Begin PBXShellScriptBuildPhase section */
		0497CA7190D9F348214E4A65 /* [CP] Embed Pods Frameworks */ = {
			isa = PBXShellScriptBuildPhase;
			buildActionMask = 2147483647;
			files = (
			);
			inputFileListPaths = (
				"${PODS_ROOT}/Target Support Files/Pods-Skatebud-SkatebudUITests/Pods-Skatebud-SkatebudUITests-frameworks-${CONFIGURATION}-input-files.xcfilelist",
			);
			name = "[CP] Embed Pods Frameworks";
			outputFileListPaths = (
				"${PODS_ROOT}/Target Support Files/Pods-Skatebud-SkatebudUITests/Pods-Skatebud-SkatebudUITests-frameworks-${CONFIGURATION}-output-files.xcfilelist",
			);
			runOnlyForDeploymentPostprocessing = 0;
			shellPath = /bin/sh;
			shellScript = "\"${PODS_ROOT}/Target Support Files/Pods-Skatebud-SkatebudUITests/Pods-Skatebud-SkatebudUITests-frameworks.sh\"\n";
			showEnvVarsInLog = 0;
		};
		916B55F27BFE04C51014A2F1 /* [CP] Check Pods Manifest.lock */ = {
			isa = PBXShellScriptBuildPhase;
			buildActionMask = 2147483647;
			files = (
			);
			inputFileListPaths = (
			);
			inputPaths = (
				"${PODS_PODFILE_DIR_PATH}/Podfile.lock",
				"${PODS_ROOT}/Manifest.lock",
			);
			name = "[CP] Check Pods Manifest.lock";
			outputFileListPaths = (
			);
			outputPaths = (
				"$(DERIVED_FILE_DIR)/Pods-SkatebudTests-checkManifestLockResult.txt",
			);
			runOnlyForDeploymentPostprocessing = 0;
			shellPath = /bin/sh;
			shellScript = "diff \"${PODS_PODFILE_DIR_PATH}/Podfile.lock\" \"${PODS_ROOT}/Manifest.lock\" > /dev/null\nif [ $? != 0 ] ; then\n    # print error to STDERR\n    echo \"error: The sandbox is not in sync with the Podfile.lock. Run 'pod install' or update your CocoaPods installation.\" >&2\n    exit 1\nfi\n# This output is used by Xcode 'outputs' to avoid re-running this script phase.\necho \"SUCCESS\" > \"${SCRIPT_OUTPUT_FILE_0}\"\n";
			showEnvVarsInLog = 0;
		};
		9B0B378D23C7BFDC2A21B93B /* [CP] Embed Pods Frameworks */ = {
			isa = PBXShellScriptBuildPhase;
			buildActionMask = 2147483647;
			files = (
			);
			inputFileListPaths = (
				"${PODS_ROOT}/Target Support Files/Pods-Skatebud/Pods-Skatebud-frameworks-${CONFIGURATION}-input-files.xcfilelist",
			);
			name = "[CP] Embed Pods Frameworks";
			outputFileListPaths = (
				"${PODS_ROOT}/Target Support Files/Pods-Skatebud/Pods-Skatebud-frameworks-${CONFIGURATION}-output-files.xcfilelist",
			);
			runOnlyForDeploymentPostprocessing = 0;
			shellPath = /bin/sh;
			shellScript = "\"${PODS_ROOT}/Target Support Files/Pods-Skatebud/Pods-Skatebud-frameworks.sh\"\n";
			showEnvVarsInLog = 0;
		};
		C964EE6FEAD55E18F6E7C199 /* [CP] Check Pods Manifest.lock */ = {
			isa = PBXShellScriptBuildPhase;
			buildActionMask = 2147483647;
			files = (
			);
			inputFileListPaths = (
			);
			inputPaths = (
				"${PODS_PODFILE_DIR_PATH}/Podfile.lock",
				"${PODS_ROOT}/Manifest.lock",
			);
			name = "[CP] Check Pods Manifest.lock";
			outputFileListPaths = (
			);
			outputPaths = (
				"$(DERIVED_FILE_DIR)/Pods-Skatebud-SkatebudUITests-checkManifestLockResult.txt",
			);
			runOnlyForDeploymentPostprocessing = 0;
			shellPath = /bin/sh;
			shellScript = "diff \"${PODS_PODFILE_DIR_PATH}/Podfile.lock\" \"${PODS_ROOT}/Manifest.lock\" > /dev/null\nif [ $? != 0 ] ; then\n    # print error to STDERR\n    echo \"error: The sandbox is not in sync with the Podfile.lock. Run 'pod install' or update your CocoaPods installation.\" >&2\n    exit 1\nfi\n# This output is used by Xcode 'outputs' to avoid re-running this script phase.\necho \"SUCCESS\" > \"${SCRIPT_OUTPUT_FILE_0}\"\n";
			showEnvVarsInLog = 0;
		};
		E7B52A81B15BEA002CF4B6F9 /* [CP] Check Pods Manifest.lock */ = {
			isa = PBXShellScriptBuildPhase;
			buildActionMask = 2147483647;
			files = (
			);
			inputFileListPaths = (
			);
			inputPaths = (
				"${PODS_PODFILE_DIR_PATH}/Podfile.lock",
				"${PODS_ROOT}/Manifest.lock",
			);
			name = "[CP] Check Pods Manifest.lock";
			outputFileListPaths = (
			);
			outputPaths = (
				"$(DERIVED_FILE_DIR)/Pods-Skatebud-checkManifestLockResult.txt",
			);
			runOnlyForDeploymentPostprocessing = 0;
			shellPath = /bin/sh;
			shellScript = "diff \"${PODS_PODFILE_DIR_PATH}/Podfile.lock\" \"${PODS_ROOT}/Manifest.lock\" > /dev/null\nif [ $? != 0 ] ; then\n    # print error to STDERR\n    echo \"error: The sandbox is not in sync with the Podfile.lock. Run 'pod install' or update your CocoaPods installation.\" >&2\n    exit 1\nfi\n# This output is used by Xcode 'outputs' to avoid re-running this script phase.\necho \"SUCCESS\" > \"${SCRIPT_OUTPUT_FILE_0}\"\n";
			showEnvVarsInLog = 0;
		};
/* End PBXShellScriptBuildPhase section */

/* Begin PBXSourcesBuildPhase section */
		7AB99D7E25A3F87C0095DC38 /* Sources */ = {
			isa = PBXSourcesBuildPhase;
			buildActionMask = 2147483647;
			files = (
				7AB99D9025A3F87C0095DC38 /* Skatebud.xcdatamodeld in Sources */,
				405B99B525A8B8DD00C2A226 /* Trick.swift in Sources */,
				7A92C28A25A9224D0091BF02 /* Helper.swift in Sources */,
				7AB99D8A25A3F87C0095DC38 /* ViewController.swift in Sources */,
				405B99C025AA5E3500C2A226 /* TrickStatsViewController.swift in Sources */,
				7AB99D8625A3F87C0095DC38 /* AppDelegate.swift in Sources */,
				7AB99D8825A3F87C0095DC38 /* SceneDelegate.swift in Sources */,
				405B99CB25AD54E400C2A226 /* ProfileViewController.swift in Sources */,
				405B99D025AE78D900C2A226 /* EditProfileViewController.swift in Sources */,
				405B99AF25A7C6F200C2A226 /* TrickStatsViewCell.swift in Sources */,
				405B99AA25A7928E00C2A226 /* CustomHeaderView.swift in Sources */,
				403A281925A6754E00D44DEC /* TrickViewCell.swift in Sources */,
				407CCB5025A4E59F004A2A9D /* SignUpViewController.swift in Sources */,
				407CCC3C25A63353004A2A9D /* MainTabViewController.swift in Sources */,
				7AB99DCA25A537630095DC38 /* WeatherController.swift in Sources */,
				7AB99DCF25A538190095DC38 /* TricksDetailController.swift in Sources */,
				7AB99DD425A538570095DC38 /* StatsController.swift in Sources */,
				7AB99DC525A536EB0095DC38 /* TricksController.swift in Sources */,
			);
			runOnlyForDeploymentPostprocessing = 0;
		};
		7AB99D9725A3F87D0095DC38 /* Sources */ = {
			isa = PBXSourcesBuildPhase;
			buildActionMask = 2147483647;
			files = (
				7AB99DA025A3F87D0095DC38 /* SkatebudTests.swift in Sources */,
			);
			runOnlyForDeploymentPostprocessing = 0;
		};
		7AB99DA225A3F87D0095DC38 /* Sources */ = {
			isa = PBXSourcesBuildPhase;
			buildActionMask = 2147483647;
			files = (
				7AB99DAB25A3F87D0095DC38 /* SkatebudUITests.swift in Sources */,
			);
			runOnlyForDeploymentPostprocessing = 0;
		};
/* End PBXSourcesBuildPhase section */

/* Begin PBXTargetDependency section */
		7AB99D9D25A3F87D0095DC38 /* PBXTargetDependency */ = {
			isa = PBXTargetDependency;
			target = 7AB99D8125A3F87C0095DC38 /* Skatebud */;
			targetProxy = 7AB99D9C25A3F87D0095DC38 /* PBXContainerItemProxy */;
		};
		7AB99DA825A3F87D0095DC38 /* PBXTargetDependency */ = {
			isa = PBXTargetDependency;
			target = 7AB99D8125A3F87C0095DC38 /* Skatebud */;
			targetProxy = 7AB99DA725A3F87D0095DC38 /* PBXContainerItemProxy */;
		};
/* End PBXTargetDependency section */

/* Begin PBXVariantGroup section */
		7AB99D8B25A3F87C0095DC38 /* Main.storyboard */ = {
			isa = PBXVariantGroup;
			children = (
				7AB99D8C25A3F87C0095DC38 /* Base */,
			);
			name = Main.storyboard;
			sourceTree = "<group>";
		};
		7AB99D9325A3F87D0095DC38 /* LaunchScreen.storyboard */ = {
			isa = PBXVariantGroup;
			children = (
				7AB99D9425A3F87D0095DC38 /* Base */,
			);
			name = LaunchScreen.storyboard;
			sourceTree = "<group>";
		};
/* End PBXVariantGroup section */

/* Begin XCBuildConfiguration section */
		7AB99DAD25A3F87D0095DC38 /* Debug */ = {
			isa = XCBuildConfiguration;
			buildSettings = {
				ALWAYS_SEARCH_USER_PATHS = NO;
				CLANG_ANALYZER_NONNULL = YES;
				CLANG_ANALYZER_NUMBER_OBJECT_CONVERSION = YES_AGGRESSIVE;
				CLANG_CXX_LANGUAGE_STANDARD = "gnu++14";
				CLANG_CXX_LIBRARY = "libc++";
				CLANG_ENABLE_MODULES = YES;
				CLANG_ENABLE_OBJC_ARC = YES;
				CLANG_ENABLE_OBJC_WEAK = YES;
				CLANG_WARN_BLOCK_CAPTURE_AUTORELEASING = YES;
				CLANG_WARN_BOOL_CONVERSION = YES;
				CLANG_WARN_COMMA = YES;
				CLANG_WARN_CONSTANT_CONVERSION = YES;
				CLANG_WARN_DEPRECATED_OBJC_IMPLEMENTATIONS = YES;
				CLANG_WARN_DIRECT_OBJC_ISA_USAGE = YES_ERROR;
				CLANG_WARN_DOCUMENTATION_COMMENTS = YES;
				CLANG_WARN_EMPTY_BODY = YES;
				CLANG_WARN_ENUM_CONVERSION = YES;
				CLANG_WARN_INFINITE_RECURSION = YES;
				CLANG_WARN_INT_CONVERSION = YES;
				CLANG_WARN_NON_LITERAL_NULL_CONVERSION = YES;
				CLANG_WARN_OBJC_IMPLICIT_RETAIN_SELF = YES;
				CLANG_WARN_OBJC_LITERAL_CONVERSION = YES;
				CLANG_WARN_OBJC_ROOT_CLASS = YES_ERROR;
				CLANG_WARN_QUOTED_INCLUDE_IN_FRAMEWORK_HEADER = YES;
				CLANG_WARN_RANGE_LOOP_ANALYSIS = YES;
				CLANG_WARN_STRICT_PROTOTYPES = YES;
				CLANG_WARN_SUSPICIOUS_MOVE = YES;
				CLANG_WARN_UNGUARDED_AVAILABILITY = YES_AGGRESSIVE;
				CLANG_WARN_UNREACHABLE_CODE = YES;
				CLANG_WARN__DUPLICATE_METHOD_MATCH = YES;
				COPY_PHASE_STRIP = NO;
				DEBUG_INFORMATION_FORMAT = dwarf;
				ENABLE_STRICT_OBJC_MSGSEND = YES;
				ENABLE_TESTABILITY = YES;
				GCC_C_LANGUAGE_STANDARD = gnu11;
				GCC_DYNAMIC_NO_PIC = NO;
				GCC_NO_COMMON_BLOCKS = YES;
				GCC_OPTIMIZATION_LEVEL = 0;
				GCC_PREPROCESSOR_DEFINITIONS = (
					"DEBUG=1",
					"$(inherited)",
				);
				GCC_WARN_64_TO_32_BIT_CONVERSION = YES;
				GCC_WARN_ABOUT_RETURN_TYPE = YES_ERROR;
				GCC_WARN_UNDECLARED_SELECTOR = YES;
				GCC_WARN_UNINITIALIZED_AUTOS = YES_AGGRESSIVE;
				GCC_WARN_UNUSED_FUNCTION = YES;
				GCC_WARN_UNUSED_VARIABLE = YES;
				IPHONEOS_DEPLOYMENT_TARGET = 14.3;
				MTL_ENABLE_DEBUG_INFO = INCLUDE_SOURCE;
				MTL_FAST_MATH = YES;
				ONLY_ACTIVE_ARCH = YES;
				SDKROOT = iphoneos;
				SWIFT_ACTIVE_COMPILATION_CONDITIONS = DEBUG;
				SWIFT_OPTIMIZATION_LEVEL = "-Onone";
			};
			name = Debug;
		};
		7AB99DAE25A3F87D0095DC38 /* Release */ = {
			isa = XCBuildConfiguration;
			buildSettings = {
				ALWAYS_SEARCH_USER_PATHS = NO;
				CLANG_ANALYZER_NONNULL = YES;
				CLANG_ANALYZER_NUMBER_OBJECT_CONVERSION = YES_AGGRESSIVE;
				CLANG_CXX_LANGUAGE_STANDARD = "gnu++14";
				CLANG_CXX_LIBRARY = "libc++";
				CLANG_ENABLE_MODULES = YES;
				CLANG_ENABLE_OBJC_ARC = YES;
				CLANG_ENABLE_OBJC_WEAK = YES;
				CLANG_WARN_BLOCK_CAPTURE_AUTORELEASING = YES;
				CLANG_WARN_BOOL_CONVERSION = YES;
				CLANG_WARN_COMMA = YES;
				CLANG_WARN_CONSTANT_CONVERSION = YES;
				CLANG_WARN_DEPRECATED_OBJC_IMPLEMENTATIONS = YES;
				CLANG_WARN_DIRECT_OBJC_ISA_USAGE = YES_ERROR;
				CLANG_WARN_DOCUMENTATION_COMMENTS = YES;
				CLANG_WARN_EMPTY_BODY = YES;
				CLANG_WARN_ENUM_CONVERSION = YES;
				CLANG_WARN_INFINITE_RECURSION = YES;
				CLANG_WARN_INT_CONVERSION = YES;
				CLANG_WARN_NON_LITERAL_NULL_CONVERSION = YES;
				CLANG_WARN_OBJC_IMPLICIT_RETAIN_SELF = YES;
				CLANG_WARN_OBJC_LITERAL_CONVERSION = YES;
				CLANG_WARN_OBJC_ROOT_CLASS = YES_ERROR;
				CLANG_WARN_QUOTED_INCLUDE_IN_FRAMEWORK_HEADER = YES;
				CLANG_WARN_RANGE_LOOP_ANALYSIS = YES;
				CLANG_WARN_STRICT_PROTOTYPES = YES;
				CLANG_WARN_SUSPICIOUS_MOVE = YES;
				CLANG_WARN_UNGUARDED_AVAILABILITY = YES_AGGRESSIVE;
				CLANG_WARN_UNREACHABLE_CODE = YES;
				CLANG_WARN__DUPLICATE_METHOD_MATCH = YES;
				COPY_PHASE_STRIP = NO;
				DEBUG_INFORMATION_FORMAT = "dwarf-with-dsym";
				ENABLE_NS_ASSERTIONS = NO;
				ENABLE_STRICT_OBJC_MSGSEND = YES;
				GCC_C_LANGUAGE_STANDARD = gnu11;
				GCC_NO_COMMON_BLOCKS = YES;
				GCC_WARN_64_TO_32_BIT_CONVERSION = YES;
				GCC_WARN_ABOUT_RETURN_TYPE = YES_ERROR;
				GCC_WARN_UNDECLARED_SELECTOR = YES;
				GCC_WARN_UNINITIALIZED_AUTOS = YES_AGGRESSIVE;
				GCC_WARN_UNUSED_FUNCTION = YES;
				GCC_WARN_UNUSED_VARIABLE = YES;
				IPHONEOS_DEPLOYMENT_TARGET = 14.3;
				MTL_ENABLE_DEBUG_INFO = NO;
				MTL_FAST_MATH = YES;
				SDKROOT = iphoneos;
				SWIFT_COMPILATION_MODE = wholemodule;
				SWIFT_OPTIMIZATION_LEVEL = "-O";
				VALIDATE_PRODUCT = YES;
			};
			name = Release;
		};
		7AB99DB025A3F87D0095DC38 /* Debug */ = {
			isa = XCBuildConfiguration;
			baseConfigurationReference = 8AFE60CE46A4B2BA48202294 /* Pods-Skatebud.debug.xcconfig */;
			buildSettings = {
				ASSETCATALOG_COMPILER_APPICON_NAME = AppIcon;
				ASSETCATALOG_COMPILER_GLOBAL_ACCENT_COLOR_NAME = AccentColor;
				CODE_SIGN_STYLE = Automatic;
				DEVELOPMENT_TEAM = DA86WZ6TRY;
				INFOPLIST_FILE = Skatebud/Info.plist;
				LD_RUNPATH_SEARCH_PATHS = (
					"$(inherited)",
					"@executable_path/Frameworks",
				);
				PRODUCT_BUNDLE_IDENTIFIER = com.Jarod.Smith.Skatebud;
				PRODUCT_NAME = "$(TARGET_NAME)";
				SWIFT_VERSION = 5.0;
				TARGETED_DEVICE_FAMILY = "1,2";
			};
			name = Debug;
		};
		7AB99DB125A3F87D0095DC38 /* Release */ = {
			isa = XCBuildConfiguration;
			baseConfigurationReference = D1522662CA8DD9BC7D9CB863 /* Pods-Skatebud.release.xcconfig */;
			buildSettings = {
				ASSETCATALOG_COMPILER_APPICON_NAME = AppIcon;
				ASSETCATALOG_COMPILER_GLOBAL_ACCENT_COLOR_NAME = AccentColor;
				CODE_SIGN_STYLE = Automatic;
				DEVELOPMENT_TEAM = DA86WZ6TRY;
				INFOPLIST_FILE = Skatebud/Info.plist;
				LD_RUNPATH_SEARCH_PATHS = (
					"$(inherited)",
					"@executable_path/Frameworks",
				);
				PRODUCT_BUNDLE_IDENTIFIER = com.Jarod.Smith.Skatebud;
				PRODUCT_NAME = "$(TARGET_NAME)";
				SWIFT_VERSION = 5.0;
				TARGETED_DEVICE_FAMILY = "1,2";
			};
			name = Release;
		};
		7AB99DB325A3F87D0095DC38 /* Debug */ = {
			isa = XCBuildConfiguration;
			baseConfigurationReference = CBEF81164F041D366C98F223 /* Pods-SkatebudTests.debug.xcconfig */;
			buildSettings = {
				ALWAYS_EMBED_SWIFT_STANDARD_LIBRARIES = YES;
				BUNDLE_LOADER = "$(TEST_HOST)";
				CODE_SIGN_STYLE = Automatic;
				DEVELOPMENT_TEAM = 866K5MUZNZ;
				INFOPLIST_FILE = SkatebudTests/Info.plist;
				IPHONEOS_DEPLOYMENT_TARGET = 14.3;
				LD_RUNPATH_SEARCH_PATHS = (
					"$(inherited)",
					"@executable_path/Frameworks",
					"@loader_path/Frameworks",
				);
				PRODUCT_BUNDLE_IDENTIFIER = com.Jarod.Smith.SkatebudTests;
				PRODUCT_NAME = "$(TARGET_NAME)";
				SWIFT_VERSION = 5.0;
				TARGETED_DEVICE_FAMILY = "1,2";
				TEST_HOST = "$(BUILT_PRODUCTS_DIR)/Skatebud.app/Skatebud";
			};
			name = Debug;
		};
		7AB99DB425A3F87D0095DC38 /* Release */ = {
			isa = XCBuildConfiguration;
			baseConfigurationReference = CA794FCBACEEE4FA92282488 /* Pods-SkatebudTests.release.xcconfig */;
			buildSettings = {
				ALWAYS_EMBED_SWIFT_STANDARD_LIBRARIES = YES;
				BUNDLE_LOADER = "$(TEST_HOST)";
				CODE_SIGN_STYLE = Automatic;
				DEVELOPMENT_TEAM = 866K5MUZNZ;
				INFOPLIST_FILE = SkatebudTests/Info.plist;
				IPHONEOS_DEPLOYMENT_TARGET = 14.3;
				LD_RUNPATH_SEARCH_PATHS = (
					"$(inherited)",
					"@executable_path/Frameworks",
					"@loader_path/Frameworks",
				);
				PRODUCT_BUNDLE_IDENTIFIER = com.Jarod.Smith.SkatebudTests;
				PRODUCT_NAME = "$(TARGET_NAME)";
				SWIFT_VERSION = 5.0;
				TARGETED_DEVICE_FAMILY = "1,2";
				TEST_HOST = "$(BUILT_PRODUCTS_DIR)/Skatebud.app/Skatebud";
			};
			name = Release;
		};
		7AB99DB625A3F87D0095DC38 /* Debug */ = {
			isa = XCBuildConfiguration;
			baseConfigurationReference = FC002AFB3F16AA136B8CEA6A /* Pods-Skatebud-SkatebudUITests.debug.xcconfig */;
			buildSettings = {
				ALWAYS_EMBED_SWIFT_STANDARD_LIBRARIES = YES;
				CODE_SIGN_STYLE = Automatic;
				DEVELOPMENT_TEAM = 866K5MUZNZ;
				INFOPLIST_FILE = SkatebudUITests/Info.plist;
				LD_RUNPATH_SEARCH_PATHS = (
					"$(inherited)",
					"@executable_path/Frameworks",
					"@loader_path/Frameworks",
				);
				PRODUCT_BUNDLE_IDENTIFIER = com.Jarod.Smith.SkatebudUITests;
				PRODUCT_NAME = "$(TARGET_NAME)";
				SWIFT_VERSION = 5.0;
				TARGETED_DEVICE_FAMILY = "1,2";
				TEST_TARGET_NAME = Skatebud;
			};
			name = Debug;
		};
		7AB99DB725A3F87D0095DC38 /* Release */ = {
			isa = XCBuildConfiguration;
			baseConfigurationReference = DC830E04BA95DC2DC245862D /* Pods-Skatebud-SkatebudUITests.release.xcconfig */;
			buildSettings = {
				ALWAYS_EMBED_SWIFT_STANDARD_LIBRARIES = YES;
				CODE_SIGN_STYLE = Automatic;
				DEVELOPMENT_TEAM = 866K5MUZNZ;
				INFOPLIST_FILE = SkatebudUITests/Info.plist;
				LD_RUNPATH_SEARCH_PATHS = (
					"$(inherited)",
					"@executable_path/Frameworks",
					"@loader_path/Frameworks",
				);
				PRODUCT_BUNDLE_IDENTIFIER = com.Jarod.Smith.SkatebudUITests;
				PRODUCT_NAME = "$(TARGET_NAME)";
				SWIFT_VERSION = 5.0;
				TARGETED_DEVICE_FAMILY = "1,2";
				TEST_TARGET_NAME = Skatebud;
			};
			name = Release;
		};
/* End XCBuildConfiguration section */

/* Begin XCConfigurationList section */
		7AB99D7D25A3F87C0095DC38 /* Build configuration list for PBXProject "Skatebud" */ = {
			isa = XCConfigurationList;
			buildConfigurations = (
				7AB99DAD25A3F87D0095DC38 /* Debug */,
				7AB99DAE25A3F87D0095DC38 /* Release */,
			);
			defaultConfigurationIsVisible = 0;
			defaultConfigurationName = Release;
		};
		7AB99DAF25A3F87D0095DC38 /* Build configuration list for PBXNativeTarget "Skatebud" */ = {
			isa = XCConfigurationList;
			buildConfigurations = (
				7AB99DB025A3F87D0095DC38 /* Debug */,
				7AB99DB125A3F87D0095DC38 /* Release */,
			);
			defaultConfigurationIsVisible = 0;
			defaultConfigurationName = Release;
		};
		7AB99DB225A3F87D0095DC38 /* Build configuration list for PBXNativeTarget "SkatebudTests" */ = {
			isa = XCConfigurationList;
			buildConfigurations = (
				7AB99DB325A3F87D0095DC38 /* Debug */,
				7AB99DB425A3F87D0095DC38 /* Release */,
			);
			defaultConfigurationIsVisible = 0;
			defaultConfigurationName = Release;
		};
		7AB99DB525A3F87D0095DC38 /* Build configuration list for PBXNativeTarget "SkatebudUITests" */ = {
			isa = XCConfigurationList;
			buildConfigurations = (
				7AB99DB625A3F87D0095DC38 /* Debug */,
				7AB99DB725A3F87D0095DC38 /* Release */,
			);
			defaultConfigurationIsVisible = 0;
			defaultConfigurationName = Release;
		};
/* End XCConfigurationList section */

/* Begin XCVersionGroup section */
		7AB99D8E25A3F87C0095DC38 /* Skatebud.xcdatamodeld */ = {
			isa = XCVersionGroup;
			children = (
				7AB99D8F25A3F87C0095DC38 /* Skatebud.xcdatamodel */,
			);
			currentVersion = 7AB99D8F25A3F87C0095DC38 /* Skatebud.xcdatamodel */;
			path = Skatebud.xcdatamodeld;
			sourceTree = "<group>";
			versionGroupType = wrapper.xcdatamodel;
		};
/* End XCVersionGroup section */
	};
	rootObject = 7AB99D7A25A3F87C0095DC38 /* Project object */;
}
